
Microsoft Visual Studio Solution File, Format Version 12.00
# Visual Studio Version 17
VisualStudioVersion = 17.9.34728.123
MinimumVisualStudioVersion = 10.0.40219.1
Project("{FAE04EC0-301F-11D3-BF4B-00C04F79EFBC}") = "GalleryDomain", "GalleryDomain\GalleryDomain.csproj", "{56CB0D90-06F5-49B8-8796-5080A0F78F9E}"
EndProject
Project("{FAE04EC0-301F-11D3-BF4B-00C04F79EFBC}") = "GalleryInfrastructure", "GalleryInfrastructure\GalleryInfrastructure.csproj", "{786B3FA5-A873-4BE8-8952-05782BC5AD7A}"
EndProject
Global
	GlobalSection(SolutionConfigurationPlatforms) = preSolution
		Debug|Any CPU = Debug|Any CPU
		Release|Any CPU = Release|Any CPU
	EndGlobalSection
	GlobalSection(ProjectConfigurationPlatforms) = postSolution
		{56CB0D90-06F5-49B8-8796-5080A0F78F9E}.Debug|Any CPU.ActiveCfg = Debug|Any CPU
		{56CB0D90-06F5-49B8-8796-5080A0F78F9E}.Debug|Any CPU.Build.0 = Debug|Any CPU
		{56CB0D90-06F5-49B8-8796-5080A0F78F9E}.Release|Any CPU.ActiveCfg = Release|Any CPU
		{56CB0D90-06F5-49B8-8796-5080A0F78F9E}.Release|Any CPU.Build.0 = Release|Any CPU
		{786B3FA5-A873-4BE8-8952-05782BC5AD7A}.Debug|Any CPU.ActiveCfg = Debug|Any CPU
		{786B3FA5-A873-4BE8-8952-05782BC5AD7A}.Debug|Any CPU.Build.0 = Debug|Any CPU
		{786B3FA5-A873-4BE8-8952-05782BC5AD7A}.Release|Any CPU.ActiveCfg = Release|Any CPU
		{786B3FA5-A873-4BE8-8952-05782BC5AD7A}.Release|Any CPU.Build.0 = Release|Any CPU
	EndGlobalSection
	GlobalSection(SolutionProperties) = preSolution
		HideSolutionNode = FALSE
	EndGlobalSection
	GlobalSection(ExtensibilityGlobals) = postSolution
		SolutionGuid = {0A224A71-897D-4AF1-AFD8-C7B4DFE52AFF}
	EndGlobalSection
EndGlobal
